// !$*UTF8*$!
{
	archiveVersion = 1;
	classes = {
	};
	objectVersion = 46;
	objects = {

/* Begin PBXBuildFile section */
		FCC480EF1D0FE1010032CCBB /* main.m in Sources */ = {isa = PBXBuildFile; fileRef = FCC480EE1D0FE1010032CCBB /* main.m */; };
		FCC480F21D0FE1010032CCBB /* AppDelegate.m in Sources */ = {isa = PBXBuildFile; fileRef = FCC480F11D0FE1010032CCBB /* AppDelegate.m */; };
		FCC480F51D0FE1010032CCBB /* ViewController.m in Sources */ = {isa = PBXBuildFile; fileRef = FCC480F41D0FE1010032CCBB /* ViewController.m */; };
		FCC480F81D0FE1010032CCBB /* Main.storyboard in Resources */ = {isa = PBXBuildFile; fileRef = FCC480F61D0FE1010032CCBB /* Main.storyboard */; };
		FCC480FA1D0FE1010032CCBB /* Assets.xcassets in Resources */ = {isa = PBXBuildFile; fileRef = FCC480F91D0FE1010032CCBB /* Assets.xcassets */; };
		FCC480FD1D0FE1010032CCBB /* LaunchScreen.storyboard in Resources */ = {isa = PBXBuildFile; fileRef = FCC480FB1D0FE1010032CCBB /* LaunchScreen.storyboard */; };
/* End PBXBuildFile section */

/* Begin PBXFileReference section */
		FCC480EA1D0FE1010032CCBB /* 网易新闻.app */ = {isa = PBXFileReference; explicitFileType = wrapper.application; includeInIndex = 0; path = "网易新闻.app"; sourceTree = BUILT_PRODUCTS_DIR; };
		FCC480EE1D0FE1010032CCBB /* main.m */ = {isa = PBXFileReference; lastKnownFileType = sourcecode.c.objc; path = main.m; sourceTree = "<group>"; };
		FCC480F01D0FE1010032CCBB /* AppDelegate.h */ = {isa = PBXFileReference; lastKnownFileType = sourcecode.c.h; path = AppDelegate.h; sourceTree = "<group>"; };
		FCC480F11D0FE1010032CCBB /* AppDelegate.m */ = {isa = PBXFileReference; lastKnownFileType = sourcecode.c.objc; path = AppDelegate.m; sourceTree = "<group>"; };
		FCC480F31D0FE1010032CCBB /* ViewController.h */ = {isa = PBXFileReference; lastKnownFileType = sourcecode.c.h; path = ViewController.h; sourceTree = "<group>"; };
		FCC480F41D0FE1010032CCBB /* ViewController.m */ = {isa = PBXFileReference; lastKnownFileType = sourcecode.c.objc; path = ViewController.m; sourceTree = "<group>"; };
		FCC480F71D0FE1010032CCBB /* Base */ = {isa = PBXFileReference; lastKnownFileType = file.storyboard; name = Base; path = Base.lproj/Main.storyboard; sourceTree = "<group>"; };
		FCC480F91D0FE1010032CCBB /* Assets.xcassets */ = {isa = PBXFileReference; lastKnownFileType = folder.assetcatalog; path = Assets.xcassets; sourceTree = "<group>"; };
		FCC480FC1D0FE1010032CCBB /* Base */ = {isa = PBXFileReference; lastKnownFileType = file.storyboard; name = Base; path = Base.lproj/LaunchScreen.storyboard; sourceTree = "<group>"; };
		FCC480FE1D0FE1010032CCBB /* Info.plist */ = {isa = PBXFileReference; lastKnownFileType = text.plist.xml; path = Info.plist; sourceTree = "<group>"; };
/* End PBXFileReference section */

/* Begin PBXFrameworksBuildPhase section */
		FCC480E71D0FE1010032CCBB /* Frameworks */ = {
			isa = PBXFrameworksBuildPhase;
			buildActionMask = 2147483647;
			files = (
			);
			runOnlyForDeploymentPostprocessing = 0;
		};
/* End PBXFrameworksBuildPhase section */

/* Begin PBXGroup section */
		FCC480E11D0FE1010032CCBB = {
			isa = PBXGroup;
			children = (
				FCC480EC1D0FE1010032CCBB /* 网易新闻 */,
				FCC480EB1D0FE1010032CCBB /* Products */,
			);
			sourceTree = "<group>";
		};
		FCC480EB1D0FE1010032CCBB /* Products */ = {
			isa = PBXGroup;
			children = (
				FCC480EA1D0FE1010032CCBB /* 网易新闻.app */,
			);
			name = Products;
			sourceTree = "<group>";
		};
		FCC480EC1D0FE1010032CCBB /* 网易新闻 */ = {
			isa = PBXGroup;
			children = (
				FCC480F01D0FE1010032CCBB /* AppDelegate.h */,
				FCC480F11D0FE1010032CCBB /* AppDelegate.m */,
				FCC480F31D0FE1010032CCBB /* ViewController.h */,
				FCC480F41D0FE1010032CCBB /* ViewController.m */,
				FCC480F61D0FE1010032CCBB /* Main.storyboard */,
				FCC480F91D0FE1010032CCBB /* Assets.xcassets */,
				FCC480FB1D0FE1010032CCBB /* LaunchScreen.storyboard */,
				FCC480FE1D0FE1010032CCBB /* Info.plist */,
				FCC480ED1D0FE1010032CCBB /* Supporting Files */,
			);
			path = "网易新闻";
			sourceTree = "<group>";
		};
		FCC480ED1D0FE1010032CCBB /* Supporting Files */ = {
			isa = PBXGroup;
			children = (
				FCC480EE1D0FE1010032CCBB /* main.m */,
			);
			name = "Supporting Files";
			sourceTree = "<group>";
		};
/* End PBXGroup section */

/* Begin PBXNativeTarget section */
		FCC480E91D0FE1010032CCBB /* 网易新闻 */ = {
			isa = PBXNativeTarget;
			buildConfigurationList = FCC481011D0FE1010032CCBB /* Build configuration list for PBXNativeTarget "网易新闻" */;
			buildPhases = (
				FCC480E61D0FE1010032CCBB /* Sources */,
				FCC480E71D0FE1010032CCBB /* Frameworks */,
				FCC480E81D0FE1010032CCBB /* Resources */,
			);
			buildRules = (
			);
			dependencies = (
			);
			name = "网易新闻";
			productName = "网易新闻";
			productReference = FCC480EA1D0FE1010032CCBB /* 网易新闻.app */;
			productType = "com.apple.product-type.application";
		};
/* End PBXNativeTarget section */

/* Begin PBXProject section */
		FCC480E21D0FE1010032CCBB /* Project object */ = {
			isa = PBXProject;
			attributes = {
				LastUpgradeCheck = 0730;
				ORGANIZATIONNAME = yangkang;
				TargetAttributes = {
					FCC480E91D0FE1010032CCBB = {
						CreatedOnToolsVersion = 7.3;
					};
				};
			};
			buildConfigurationList = FCC480E51D0FE1010032CCBB /* Build configuration list for PBXProject "网易新闻" */;
			compatibilityVersion = "Xcode 3.2";
			developmentRegion = English;
			hasScannedForEncodings = 0;
			knownRegions = (
				en,
				Base,
			);
			mainGroup = FCC480E11D0FE1010032CCBB;
			productRefGroup = FCC480EB1D0FE1010032CCBB /* Products */;
			projectDirPath = "";
			projectRoot = "";
			targets = (
				FCC480E91D0FE1010032CCBB /* 网易新闻 */,
			);
		};
/* End PBXProject section */

/* Begin PBXResourcesBuildPhase section */
		FCC480E81D0FE1010032CCBB /* Resources */ = {
			isa = PBXResourcesBuildPhase;
			buildActionMask = 2147483647;
			files = (
				FCC480FD1D0FE1010032CCBB /* LaunchScreen.storyboard in Resources */,
				FCC480FA1D0FE1010032CCBB /* Assets.xcassets in Resources */,
				FCC480F81D0FE1010032CCBB /* Main.storyboard in Resources */,
			);
			runOnlyForDeploymentPostprocessing = 0;
		};
/* End PBXResourcesBuildPhase section */

/* Begin PBXSourcesBuildPhase section */
		FCC480E61D0FE1010032CCBB /* Sources */ = {
			isa = PBXSourcesBuildPhase;
			buildActionMask = 2147483647;
			files = (
				FCC480F51D0FE1010032CCBB /* ViewController.m in Sources */,
				FCC480F21D0FE1010032CCBB /* AppDelegate.m in Sources */,
				FCC480EF1D0FE1010032CCBB /* main.m in Sources */,
			);
			runOnlyForDeploymentPostprocessing = 0;
		};
/* End PBXSourcesBuildPhase section */

/* Begin PBXVariantGroup section */
		FCC480F61D0FE1010032CCBB /* Main.storyboard */ = {
			isa = PBXVariantGroup;
			children = (
				FCC480F71D0FE1010032CCBB /* Base */,
			);
			name = Main.storyboard;
			sourceTree = "<group>";
		};
		FCC480FB1D0FE1010032CCBB /* LaunchScreen.storyboard */ = {
			isa = PBXVariantGroup;
			children = (
				FCC480FC1D0FE1010032CCBB /* Base */,
			);
			name = LaunchScreen.storyboard;
			sourceTree = "<group>";
		};
/* End PBXVariantGroup section */

/* Begin XCBuildConfiguration section */
		FCC480FF1D0FE1010032CCBB /* Debug */ = {
			isa = XCBuildConfiguration;
			buildSettings = {
				ALWAYS_SEARCH_USER_PATHS = NO;
				CLANG_ANALYZER_NONNULL = YES;
				CLANG_CXX_LANGUAGE_STANDARD = "gnu++0x";
				CLANG_CXX_LIBRARY = "libc++";
				CLANG_ENABLE_MODULES = YES;
				CLANG_ENABLE_OBJC_ARC = YES;
				CLANG_WARN_BOOL_CONVERSION = YES;
				CLANG_WARN_CONSTANT_CONVERSION = YES;
				CLANG_WARN_DIRECT_OBJC_ISA_USAGE = YES_ERROR;
				CLANG_WARN_EMPTY_BODY = YES;
				CLANG_WARN_ENUM_CONVERSION = YES;
				CLANG_WARN_INT_CONVERSION = YES;
				CLANG_WARN_OBJC_ROOT_CLASS = YES_ERROR;
				CLANG_WARN_UNREACHABLE_CODE = YES;
				CLANG_WARN__DUPLICATE_METHOD_MATCH = YES;
				"CODE_SIGN_IDENTITY[sdk=iphoneos*]" = "iPhone Developer";
				COPY_PHASE_STRIP = NO;
				DEBUG_INFORMATION_FORMAT = dwarf;
				ENABLE_STRICT_OBJC_MSGSEND = YES;
				ENABLE_TESTABILITY = YES;
				GCC_C_LANGUAGE_STANDARD = gnu99;
				GCC_DYNAMIC_NO_PIC = NO;
				GCC_NO_COMMON_BLOCKS = YES;
				GCC_OPTIMIZATION_LEVEL = 0;
				GCC_PREPROCESSOR_DEFINITIONS = (
					"DEBUG=1",
					"$(inherited)",
				);
				GCC_WARN_64_TO_32_BIT_CONVERSION = YES;
				GCC_WARN_ABOUT_RETURN_TYPE = YES_ERROR;
				GCC_WARN_UNDECLARED_SELECTOR = YES;
				GCC_WARN_UNINITIALIZED_AUTOS = YES_AGGRESSIVE;
				GCC_WARN_UNUSED_FUNCTION = YES;
				GCC_WARN_UNUSED_VARIABLE = YES;
				IPHONEOS_DEPLOYMENT_TARGET = 9.3;
				MTL_ENABLE_DEBUG_INFO = YES;
				ONLY_ACTIVE_ARCH = YES;
				SDKROOT = iphoneos;
			};
			name = Debug;
		};
		FCC481001D0FE1010032CCBB /* Release */ = {
			isa = XCBuildConfiguration;
			buildSettings = {
				ALWAYS_SEARCH_USER_PATHS = NO;
				CLANG_ANALYZER_NONNULL = YES;
				CLANG_CXX_LANGUAGE_STANDARD = "gnu++0x";
				CLANG_CXX_LIBRARY = "libc++";
				CLANG_ENABLE_MODULES = YES;
				CLANG_ENABLE_OBJC_ARC = YES;
				CLANG_WARN_BOOL_CONVERSION = YES;
				CLANG_WARN_CONSTANT_CONVERSION = YES;
				CLANG_WARN_DIRECT_OBJC_ISA_USAGE = YES_ERROR;
				CLANG_WARN_EMPTY_BODY = YES;
				CLANG_WARN_ENUM_CONVERSION = YES;
				CLANG_WARN_INT_CONVERSION = YES;
				CLANG_WARN_OBJC_ROOT_CLASS = YES_ERROR;
				CLANG_WARN_UNREACHABLE_CODE = YES;
				CLANG_WARN__DUPLICATE_METHOD_MATCH = YES;
				"CODE_SIGN_IDENTITY[sdk=iphoneos*]" = "iPhone Developer";
				COPY_PHASE_STRIP = NO;
				DEBUG_INFORMATION_FORMAT = "dwarf-with-dsym";
				ENABLE_NS_ASSERTIONS = NO;
				ENABLE_STRICT_OBJC_MSGSEND = YES;
				GCC_C_LANGUAGE_STANDARD = gnu99;
				GCC_NO_COMMON_BLOCKS = YES;
				GCC_WARN_64_TO_32_BIT_CONVERSION = YES;
				GCC_WARN_ABOUT_RETURN_TYPE = YES_ERROR;
				GCC_WARN_UNDECLARED_SELECTOR = YES;
				GCC_WARN_UNINITIALIZED_AUTOS = YES_AGGRESSIVE;
				GCC_WARN_UNUSED_FUNCTION = YES;
				GCC_WARN_UNUSED_VARIABLE = YES;
				IPHONEOS_DEPLOYMENT_TARGET = 9.3;
				MTL_ENABLE_DEBUG_INFO = NO;
				SDKROOT = iphoneos;
				VALIDATE_PRODUCT = YES;
			};
			name = Release;
		};
		FCC481021D0FE1010032CCBB /* Debug */ = {
			isa = XCBuildConfiguration;
			buildSettings = {
				ASSETCATALOG_COMPILER_APPICON_NAME = AppIcon;
				INFOPLIST_FILE = "网易新闻/Info.plist";
				LD_RUNPATH_SEARCH_PATHS = "$(inherited) @executable_path/Frameworks";
				PRODUCT_BUNDLE_IDENTIFIER = "pro.----";
				PRODUCT_NAME = "$(TARGET_NAME)";
			};
			name = Debug;
		};
		FCC481031D0FE1010032CCBB /* Release */ = {
			isa = XCBuildConfiguration;
			buildSettings = {
				ASSETCATALOG_COMPILER_APPICON_NAME = AppIcon;
				INFOPLIST_FILE = "网易新闻/Info.plist";
				LD_RUNPATH_SEARCH_PATHS = "$(inherited) @executable_path/Frameworks";
				PRODUCT_BUNDLE_IDENTIFIER = "pro.----";
				PRODUCT_NAME = "$(TARGET_NAME)";
			};
			name = Release;
		};
/* End XCBuildConfiguration section */

/* Begin XCConfigurationList section */
		FCC480E51D0FE1010032CCBB /* Build configuration list for PBXProject "网易新闻" */ = {
			isa = XCConfigurationList;
			buildConfigurations = (
				FCC480FF1D0FE1010032CCBB /* Debug */,
				FCC481001D0FE1010032CCBB /* Release */,
			);
			defaultConfigurationIsVisible = 0;
			defaultConfigurationName = Release;
		};
		FCC481011D0FE1010032CCBB /* Build configuration list for PBXNativeTarget "网易新闻" */ = {
			isa = XCConfigurationList;
			buildConfigurations = (
				FCC481021D0FE1010032CCBB /* Debug */,
				FCC481031D0FE1010032CCBB /* Release */,
			);
			defaultConfigurationIsVisible = 0;
		};
/* End XCConfigurationList section */
	};
	rootObject = FCC480E21D0FE1010032CCBB /* Project object */;
}
